
Microsoft Visual Studio Solution File, Format Version 12.00
# Visual Studio Version 17
VisualStudioVersion = 17.14.36518.9 d17.14
MinimumVisualStudioVersion = 10.0.40219.1
Project("{FAE04EC0-301F-11D3-BF4B-00C04F79EFBC}") = "Bakery.BLLL", "Bakery.BLLL\Bakery.BLLL.csproj", "{8297D7F3-5C28-4E00-94AD-159E5198D027}"
EndProject
Project("{FAE04EC0-301F-11D3-BF4B-00C04F79EFBC}") = "Bakery.DAL", "Bakery.DAL\Bakery.DAL.csproj", "{620AB56B-D22F-4D04-9F45-87776795A90F}"
EndProject
Project("{FAE04EC0-301F-11D3-BF4B-00C04F79EFBC}") = "Bakery.WPFApplication", "Bakery.WPFApplication\Bakery.WPFApplication.csproj", "{9B871BF9-9A9F-44B7-8790-10834A74C065}"
EndProject
Global
	GlobalSection(SolutionConfigurationPlatforms) = preSolution
		Debug|Any CPU = Debug|Any CPU
		Release|Any CPU = Release|Any CPU
	EndGlobalSection
	GlobalSection(ProjectConfigurationPlatforms) = postSolution
		{8297D7F3-5C28-4E00-94AD-159E5198D027}.Debug|Any CPU.ActiveCfg = Debug|Any CPU
		{8297D7F3-5C28-4E00-94AD-159E5198D027}.Debug|Any CPU.Build.0 = Debug|Any CPU
		{8297D7F3-5C28-4E00-94AD-159E5198D027}.Release|Any CPU.ActiveCfg = Release|Any CPU
		{8297D7F3-5C28-4E00-94AD-159E5198D027}.Release|Any CPU.Build.0 = Release|Any CPU
		{620AB56B-D22F-4D04-9F45-87776795A90F}.Debug|Any CPU.ActiveCfg = Debug|Any CPU
		{620AB56B-D22F-4D04-9F45-87776795A90F}.Debug|Any CPU.Build.0 = Debug|Any CPU
		{620AB56B-D22F-4D04-9F45-87776795A90F}.Release|Any CPU.ActiveCfg = Release|Any CPU
		{620AB56B-D22F-4D04-9F45-87776795A90F}.Release|Any CPU.Build.0 = Release|Any CPU
		{9B871BF9-9A9F-44B7-8790-10834A74C065}.Debug|Any CPU.ActiveCfg = Debug|Any CPU
		{9B871BF9-9A9F-44B7-8790-10834A74C065}.Debug|Any CPU.Build.0 = Debug|Any CPU
		{9B871BF9-9A9F-44B7-8790-10834A74C065}.Release|Any CPU.ActiveCfg = Release|Any CPU
		{9B871BF9-9A9F-44B7-8790-10834A74C065}.Release|Any CPU.Build.0 = Release|Any CPU
	EndGlobalSection
	GlobalSection(SolutionProperties) = preSolution
		HideSolutionNode = FALSE
	EndGlobalSection
	GlobalSection(ExtensibilityGlobals) = postSolution
		SolutionGuid = {D250F8BC-0AB1-49FE-BEAC-9B3CF304E057}
	EndGlobalSection
EndGlobal
